lockfile_version: '1'
generated_at: '2026-04-13T21:40:28.247262+00:00'
apm_version: 0.8.7
dependencies:
- repo_url: somostuio/coding-agents-config
  host: github.com
  resolved_commit: bb8198477f98c8df451ba27acf5b1e8abd9f7e49
  resolved_ref: apm
  package_type: hybrid
  deployed_files:
  - .claude/agents/code-reviewer.md
  - .claude/agents/poc-developer.md
  - .claude/agents/product-analyst.md
  - .claude/agents/quick-fix-developer.md
  - .claude/agents/sw-architect.md
  - .claude/commands/code-review.md
  - .claude/commands/develop-poc.md
  - .claude/commands/develop-quick-fix.md
  - .claude/commands/enrich-us.md
  - .claude/commands/meta-prompt.md
  - .claude/commands/plan-poc.md
  - .claude/commands/plan-task.md
  - .claude/commands/review-before-push.md
  - .claude/skills/coding-agents-config
  - .claude/skills/core
  - .cursor/agents/code-reviewer.md
  - .cursor/agents/poc-developer.md
  - .cursor/agents/product-analyst.md
  - .cursor/agents/quick-fix-developer.md
  - .cursor/agents/sw-architect.md
  - .cursor/rules/agent-behavior-standards.mdc
  - .cursor/rules/agent-routing.mdc
  - .cursor/rules/base-standards.mdc
  - .cursor/rules/insurance-domain-standards.mdc
  - .cursor/rules/rules.mdc
  - .cursor/rules/soul.mdc
  - .cursor/rules/task-management-standards.mdc
  - .cursor/skills/coding-agents-config
  - .cursor/skills/core
  - .github/agents/code-reviewer.agent.md
  - .github/agents/poc-developer.agent.md
  - .github/agents/product-analyst.agent.md
  - .github/agents/quick-fix-developer.agent.md
  - .github/agents/sw-architect.agent.md
  - .github/instructions/agent-behavior-standards.instructions.md
  - .github/instructions/agent-routing.instructions.md
  - .github/instructions/base-standards.instructions.md
  - .github/instructions/insurance-domain-standards.instructions.md
  - .github/instructions/rules.instructions.md
  - .github/instructions/soul.instructions.md
  - .github/instructions/task-management-standards.instructions.md
  - .github/prompts/code-review.prompt.md
  - .github/prompts/develop-poc.prompt.md
  - .github/prompts/develop-quick-fix.prompt.md
  - .github/prompts/enrich-us.prompt.md
  - .github/prompts/meta-prompt.prompt.md
  - .github/prompts/plan-poc.prompt.md
  - .github/prompts/plan-task.prompt.md
  - .github/prompts/review-before-push.prompt.md
  - .github/skills/coding-agents-config
  - .github/skills/core
  - .opencode/agents/code-reviewer.md
  - .opencode/agents/poc-developer.md
  - .opencode/agents/product-analyst.md
  - .opencode/agents/quick-fix-developer.md
  - .opencode/agents/sw-architect.md
  - .opencode/commands/code-review.md
  - .opencode/commands/develop-poc.md
  - .opencode/commands/develop-quick-fix.md
  - .opencode/commands/enrich-us.md
  - .opencode/commands/meta-prompt.md
  - .opencode/commands/plan-poc.md
  - .opencode/commands/plan-task.md
  - .opencode/commands/review-before-push.md
  - .opencode/skills/coding-agents-config
  - .opencode/skills/core
  content_hash: sha256:d5551866dd97272572fc449f7cd7d98b5fdd2d9e719e43edca1ccdaa3ef1c9e6
- repo_url: somostuio/coding-agents-config
  host: github.com
  resolved_commit: bb8198477f98c8df451ba27acf5b1e8abd9f7e49
  resolved_ref: apm
  virtual_path: packages/backend
  is_virtual: true
  package_type: hybrid
  deployed_files:
  - .claude/agents/backend-developer.md
  - .claude/agents/db-reviewer.md
  - .claude/commands/develop-backend-data-modeling.md
  - .claude/commands/develop-backend.md
  - .claude/commands/plan-backend-task.md
  - .claude/skills/backend
  - .cursor/agents/backend-developer.md
  - .cursor/agents/db-reviewer.md
  - .cursor/rules/backend-standards.mdc
  - .cursor/skills/backend
  - .github/agents/backend-developer.agent.md
  - .github/agents/db-reviewer.agent.md
  - .github/instructions/backend-standards.instructions.md
  - .github/prompts/develop-backend-data-modeling.prompt.md
  - .github/prompts/develop-backend.prompt.md
  - .github/prompts/plan-backend-task.prompt.md
  - .github/skills/backend
  - .opencode/agents/backend-developer.md
  - .opencode/agents/db-reviewer.md
  - .opencode/commands/develop-backend-data-modeling.md
  - .opencode/commands/develop-backend.md
  - .opencode/commands/plan-backend-task.md
  - .opencode/skills/backend
  content_hash: sha256:adacb0f877ca1571714c30d7983fc937c5a50d321577c71b68cc9d9b0cb56e90
- repo_url: somostuio/coding-agents-config
  host: github.com
  resolved_commit: bb8198477f98c8df451ba27acf5b1e8abd9f7e49
  resolved_ref: apm
  virtual_path: packages/frontend
  is_virtual: true
  package_type: hybrid
  deployed_files:
  - .claude/agents/frontend-developer.md
  - .claude/commands/develop-frontend.md
  - .claude/commands/plan-frontend-task.md
  - .claude/skills/frontend
  - .cursor/agents/frontend-developer.md
  - .cursor/skills/frontend
  - .github/agents/frontend-developer.agent.md
  - .github/prompts/develop-frontend.prompt.md
  - .github/prompts/plan-frontend-task.prompt.md
  - .github/skills/frontend
  - .opencode/agents/frontend-developer.md
  - .opencode/commands/develop-frontend.md
  - .opencode/commands/plan-frontend-task.md
  - .opencode/skills/frontend
  content_hash: sha256:8771acf8ca971a6787c40e23fdd5312799d9de98c61045e0aad82a3776b7e2f1
- repo_url: somostuio/coding-agents-config
  host: github.com
  resolved_commit: bb8198477f98c8df451ba27acf5b1e8abd9f7e49
  resolved_ref: apm
  virtual_path: packages/security
  is_virtual: true
  package_type: apm_package
  deployed_files:
  - .cursor/rules/security-standards.mdc
  - .github/instructions/security-standards.instructions.md
  content_hash: sha256:8d8efc22afad5f88c078db1dc181a65c0a877b8bc73db53eded778b85a7bf569
- repo_url: somostuio/coding-agents-config
  host: github.com
  resolved_commit: bb8198477f98c8df451ba27acf5b1e8abd9f7e49
  resolved_ref: apm
  virtual_path: packages/testing
  is_virtual: true
  package_type: hybrid
  deployed_files:
  - .claude/agents/test-engineer.md
  - .claude/commands/develop-backend-tests.md
  - .claude/commands/develop-frontend-tests.md
  - .claude/commands/test.md
  - .claude/skills/testing
  - .cursor/agents/test-engineer.md
  - .cursor/rules/testing-standards.mdc
  - .cursor/skills/testing
  - .github/agents/test-engineer.agent.md
  - .github/instructions/testing-standards.instructions.md
  - .github/prompts/develop-backend-tests.prompt.md
  - .github/prompts/develop-frontend-tests.prompt.md
  - .github/prompts/test.prompt.md
  - .github/skills/testing
  - .opencode/agents/test-engineer.md
  - .opencode/commands/develop-backend-tests.md
  - .opencode/commands/develop-frontend-tests.md
  - .opencode/commands/test.md
  - .opencode/skills/testing
  content_hash: sha256:a025635569023db8c2ed4e08b6d2ba176dffdea25227cc4a48e08b17b61f9cc0
